
Microsoft Visual Studio Solution File, Format Version 12.00
# Visual Studio Version 17
VisualStudioVersion = 17.6.33723.286
MinimumVisualStudioVersion = 10.0.40219.1
Project("{FAE04EC0-301F-11D3-BF4B-00C04F79EFBC}") = "BinarySearch_ConvertToBinary", "BinarySearch_ConvertToBinary.csproj", "{3C8AC92F-A3C7-4B0F-B409-078B870C07E6}"
EndProject
Global
	GlobalSection(SolutionConfigurationPlatforms) = preSolution
		Debug|Any CPU = Debug|Any CPU
		Release|Any CPU = Release|Any CPU
	EndGlobalSection
	GlobalSection(ProjectConfigurationPlatforms) = postSolution
		{3C8AC92F-A3C7-4B0F-B409-078B870C07E6}.Debug|Any CPU.ActiveCfg = Debug|Any CPU
		{3C8AC92F-A3C7-4B0F-B409-078B870C07E6}.Debug|Any CPU.Build.0 = Debug|Any CPU
		{3C8AC92F-A3C7-4B0F-B409-078B870C07E6}.Release|Any CPU.ActiveCfg = Release|Any CPU
		{3C8AC92F-A3C7-4B0F-B409-078B870C07E6}.Release|Any CPU.Build.0 = Release|Any CPU
	EndGlobalSection
	GlobalSection(SolutionProperties) = preSolution
		HideSolutionNode = FALSE
	EndGlobalSection
	GlobalSection(ExtensibilityGlobals) = postSolution
		SolutionGuid = {489A5D1B-598D-49B0-A905-842CC8C3B765}
	EndGlobalSection
EndGlobal
